
Microsoft Visual Studio Solution File, Format Version 12.00
# Visual Studio Version 17
VisualStudioVersion = 17.5.33516.290
MinimumVisualStudioVersion = 10.0.40219.1
Project("{FAE04EC0-301F-11D3-BF4B-00C04F79EFBC}") = "arraylistt", "arraylistt\arraylistt.csproj", "{CA46AC1B-4691-4F4D-AE0A-ECC7FE04E619}"
EndProject
Global
	GlobalSection(SolutionConfigurationPlatforms) = preSolution
		Debug|Any CPU = Debug|Any CPU
		Release|Any CPU = Release|Any CPU
	EndGlobalSection
	GlobalSection(ProjectConfigurationPlatforms) = postSolution
		{CA46AC1B-4691-4F4D-AE0A-ECC7FE04E619}.Debug|Any CPU.ActiveCfg = Debug|Any CPU
		{CA46AC1B-4691-4F4D-AE0A-ECC7FE04E619}.Debug|Any CPU.Build.0 = Debug|Any CPU
		{CA46AC1B-4691-4F4D-AE0A-ECC7FE04E619}.Release|Any CPU.ActiveCfg = Release|Any CPU
		{CA46AC1B-4691-4F4D-AE0A-ECC7FE04E619}.Release|Any CPU.Build.0 = Release|Any CPU
	EndGlobalSection
	GlobalSection(SolutionProperties) = preSolution
		HideSolutionNode = FALSE
	EndGlobalSection
	GlobalSection(ExtensibilityGlobals) = postSolution
		SolutionGuid = {DC8F07BF-2CAB-4C5E-9396-3DC4C06264B9}
	EndGlobalSection
EndGlobal
